
Microsoft Visual Studio Solution File, Format Version 12.00
# Visual Studio Version 17
VisualStudioVersion = 17.0.31903.59
MinimumVisualStudioVersion = 10.0.40219.1
Project("{2150E333-8FDC-42A3-9474-1A3956D46DE8}") = "src", "src", "{827E0CD3-B72D-47B6-A68D-7590B98EB39B}"
EndProject
Project("{FAE04EC0-301F-11D3-BF4B-00C04F79EFBC}") = "SemanticContext.Contracts", "src\SemanticContext.Contracts\SemanticContext.Contracts.csproj", "{CBA7F5F3-9D50-48BC-99F3-FE125BE68EF0}"
EndProject
Project("{FAE04EC0-301F-11D3-BF4B-00C04F79EFBC}") = "SemanticContext.Application", "src\SemanticContext.Application\SemanticContext.Application.csproj", "{A8CD390F-638D-4291-98E7-72927CCE597D}"
EndProject
Project("{FAE04EC0-301F-11D3-BF4B-00C04F79EFBC}") = "SemanticContext.Indexer", "src\SemanticContext.Indexer\SemanticContext.Indexer.csproj", "{A06A7C1A-BA48-4A82-90AA-9252D0E2A2D4}"
EndProject
Project("{FAE04EC0-301F-11D3-BF4B-00C04F79EFBC}") = "SemanticContext.Retrieval", "src\SemanticContext.Retrieval\SemanticContext.Retrieval.csproj", "{79806D53-0FEE-4C6A-8B6C-E7174EE32D33}"
EndProject
Project("{FAE04EC0-301F-11D3-BF4B-00C04F79EFBC}") = "SemanticContext.Infrastructure", "src\SemanticContext.Infrastructure\SemanticContext.Infrastructure.csproj", "{10A88F82-8956-46C1-A17B-A2480EAA4846}"
EndProject
Project("{FAE04EC0-301F-11D3-BF4B-00C04F79EFBC}") = "SemanticContext.Api", "src\SemanticContext.Api\SemanticContext.Api.csproj", "{0DABD529-9B6A-44FE-A454-B4C2BF6E43FE}"
EndProject
Project("{FAE04EC0-301F-11D3-BF4B-00C04F79EFBC}") = "SemanticContext.Mcp", "src\SemanticContext.Mcp\SemanticContext.Mcp.csproj", "{3DA7BA08-3B23-43D8-9E9A-CB1BAB3C6BFA}"
EndProject
Project("{FAE04EC0-301F-11D3-BF4B-00C04F79EFBC}") = "SemanticContext.Tests", "tests\SemanticContext.Tests\SemanticContext.Tests.csproj", "{D5A3FE29-542D-4345-8AAA-C011A95F6A5E}"
EndProject
Global
	GlobalSection(SolutionConfigurationPlatforms) = preSolution
		Debug|Any CPU = Debug|Any CPU
		Debug|x64 = Debug|x64
		Debug|x86 = Debug|x86
		Release|Any CPU = Release|Any CPU
		Release|x64 = Release|x64
		Release|x86 = Release|x86
	EndGlobalSection
	GlobalSection(ProjectConfigurationPlatforms) = postSolution
		{CBA7F5F3-9D50-48BC-99F3-FE125BE68EF0}.Debug|Any CPU.ActiveCfg = Debug|Any CPU
		{CBA7F5F3-9D50-48BC-99F3-FE125BE68EF0}.Debug|Any CPU.Build.0 = Debug|Any CPU
		{CBA7F5F3-9D50-48BC-99F3-FE125BE68EF0}.Debug|x64.ActiveCfg = Debug|Any CPU
		{CBA7F5F3-9D50-48BC-99F3-FE125BE68EF0}.Debug|x64.Build.0 = Debug|Any CPU
		{CBA7F5F3-9D50-48BC-99F3-FE125BE68EF0}.Debug|x86.ActiveCfg = Debug|Any CPU
		{CBA7F5F3-9D50-48BC-99F3-FE125BE68EF0}.Debug|x86.Build.0 = Debug|Any CPU
		{CBA7F5F3-9D50-48BC-99F3-FE125BE68EF0}.Release|Any CPU.ActiveCfg = Release|Any CPU
		{CBA7F5F3-9D50-48BC-99F3-FE125BE68EF0}.Release|Any CPU.Build.0 = Release|Any CPU
		{CBA7F5F3-9D50-48BC-99F3-FE125BE68EF0}.Release|x64.ActiveCfg = Release|Any CPU
		{CBA7F5F3-9D50-48BC-99F3-FE125BE68EF0}.Release|x64.Build.0 = Release|Any CPU
		{CBA7F5F3-9D50-48BC-99F3-FE125BE68EF0}.Release|x86.ActiveCfg = Release|Any CPU
		{CBA7F5F3-9D50-48BC-99F3-FE125BE68EF0}.Release|x86.Build.0 = Release|Any CPU
		{A8CD390F-638D-4291-98E7-72927CCE597D}.Debug|Any CPU.ActiveCfg = Debug|Any CPU
		{A8CD390F-638D-4291-98E7-72927CCE597D}.Debug|Any CPU.Build.0 = Debug|Any CPU
		{A8CD390F-638D-4291-98E7-72927CCE597D}.Debug|x64.ActiveCfg = Debug|Any CPU
		{A8CD390F-638D-4291-98E7-72927CCE597D}.Debug|x64.Build.0 = Debug|Any CPU
		{A8CD390F-638D-4291-98E7-72927CCE597D}.Debug|x86.ActiveCfg = Debug|Any CPU
		{A8CD390F-638D-4291-98E7-72927CCE597D}.Debug|x86.Build.0 = Debug|Any CPU
		{A8CD390F-638D-4291-98E7-72927CCE597D}.Release|Any CPU.ActiveCfg = Release|Any CPU
		{A8CD390F-638D-4291-98E7-72927CCE597D}.Release|Any CPU.Build.0 = Release|Any CPU
		{A8CD390F-638D-4291-98E7-72927CCE597D}.Release|x64.ActiveCfg = Release|Any CPU
		{A8CD390F-638D-4291-98E7-72927CCE597D}.Release|x64.Build.0 = Release|Any CPU
		{A8CD390F-638D-4291-98E7-72927CCE597D}.Release|x86.ActiveCfg = Release|Any CPU
		{A8CD390F-638D-4291-98E7-72927CCE597D}.Release|x86.Build.0 = Release|Any CPU
		{A06A7C1A-BA48-4A82-90AA-9252D0E2A2D4}.Debug|Any CPU.ActiveCfg = Debug|Any CPU
		{A06A7C1A-BA48-4A82-90AA-9252D0E2A2D4}.Debug|Any CPU.Build.0 = Debug|Any CPU
		{A06A7C1A-BA48-4A82-90AA-9252D0E2A2D4}.Debug|x64.ActiveCfg = Debug|Any CPU
		{A06A7C1A-BA48-4A82-90AA-9252D0E2A2D4}.Debug|x64.Build.0 = Debug|Any CPU
		{A06A7C1A-BA48-4A82-90AA-9252D0E2A2D4}.Debug|x86.ActiveCfg = Debug|Any CPU
		{A06A7C1A-BA48-4A82-90AA-9252D0E2A2D4}.Debug|x86.Build.0 = Debug|Any CPU
		{A06A7C1A-BA48-4A82-90AA-9252D0E2A2D4}.Release|Any CPU.ActiveCfg = Release|Any CPU
		{A06A7C1A-BA48-4A82-90AA-9252D0E2A2D4}.Release|Any CPU.Build.0 = Release|Any CPU
		{A06A7C1A-BA48-4A82-90AA-9252D0E2A2D4}.Release|x64.ActiveCfg = Release|Any CPU
		{A06A7C1A-BA48-4A82-90AA-9252D0E2A2D4}.Release|x64.Build.0 = Release|Any CPU
		{A06A7C1A-BA48-4A82-90AA-9252D0E2A2D4}.Release|x86.ActiveCfg = Release|Any CPU
		{A06A7C1A-BA48-4A82-90AA-9252D0E2A2D4}.Release|x86.Build.0 = Release|Any CPU
		{79806D53-0FEE-4C6A-8B6C-E7174EE32D33}.Debug|Any CPU.ActiveCfg = Debug|Any CPU
		{79806D53-0FEE-4C6A-8B6C-E7174EE32D33}.Debug|Any CPU.Build.0 = Debug|Any CPU
		{79806D53-0FEE-4C6A-8B6C-E7174EE32D33}.Debug|x64.ActiveCfg = Debug|Any CPU
		{79806D53-0FEE-4C6A-8B6C-E7174EE32D33}.Debug|x64.Build.0 = Debug|Any CPU
		{79806D53-0FEE-4C6A-8B6C-E7174EE32D33}.Debug|x86.ActiveCfg = Debug|Any CPU
		{79806D53-0FEE-4C6A-8B6C-E7174EE32D33}.Debug|x86.Build.0 = Debug|Any CPU
		{79806D53-0FEE-4C6A-8B6C-E7174EE32D33}.Release|Any CPU.ActiveCfg = Release|Any CPU
		{79806D53-0FEE-4C6A-8B6C-E7174EE32D33}.Release|Any CPU.Build.0 = Release|Any CPU
		{79806D53-0FEE-4C6A-8B6C-E7174EE32D33}.Release|x64.ActiveCfg = Release|Any CPU
		{79806D53-0FEE-4C6A-8B6C-E7174EE32D33}.Release|x64.Build.0 = Release|Any CPU
		{79806D53-0FEE-4C6A-8B6C-E7174EE32D33}.Release|x86.ActiveCfg = Release|Any CPU
		{79806D53-0FEE-4C6A-8B6C-E7174EE32D33}.Release|x86.Build.0 = Release|Any CPU
		{10A88F82-8956-46C1-A17B-A2480EAA4846}.Debug|Any CPU.ActiveCfg = Debug|Any CPU
		{10A88F82-8956-46C1-A17B-A2480EAA4846}.Debug|Any CPU.Build.0 = Debug|Any CPU
		{10A88F82-8956-46C1-A17B-A2480EAA4846}.Debug|x64.ActiveCfg = Debug|Any CPU
		{10A88F82-8956-46C1-A17B-A2480EAA4846}.Debug|x64.Build.0 = Debug|Any CPU
		{10A88F82-8956-46C1-A17B-A2480EAA4846}.Debug|x86.ActiveCfg = Debug|Any CPU
		{10A88F82-8956-46C1-A17B-A2480EAA4846}.Debug|x86.Build.0 = Debug|Any CPU
		{10A88F82-8956-46C1-A17B-A2480EAA4846}.Release|Any CPU.ActiveCfg = Release|Any CPU
		{10A88F82-8956-46C1-A17B-A2480EAA4846}.Release|Any CPU.Build.0 = Release|Any CPU
		{10A88F82-8956-46C1-A17B-A2480EAA4846}.Release|x64.ActiveCfg = Release|Any CPU
		{10A88F82-8956-46C1-A17B-A2480EAA4846}.Release|x64.Build.0 = Release|Any CPU
		{10A88F82-8956-46C1-A17B-A2480EAA4846}.Release|x86.ActiveCfg = Release|Any CPU
		{10A88F82-8956-46C1-A17B-A2480EAA4846}.Release|x86.Build.0 = Release|Any CPU
		{0DABD529-9B6A-44FE-A454-B4C2BF6E43FE}.Debug|Any CPU.ActiveCfg = Debug|Any CPU
		{0DABD529-9B6A-44FE-A454-B4C2BF6E43FE}.Debug|Any CPU.Build.0 = Debug|Any CPU
		{0DABD529-9B6A-44FE-A454-B4C2BF6E43FE}.Debug|x64.ActiveCfg = Debug|Any CPU
		{0DABD529-9B6A-44FE-A454-B4C2BF6E43FE}.Debug|x64.Build.0 = Debug|Any CPU
		{0DABD529-9B6A-44FE-A454-B4C2BF6E43FE}.Debug|x86.ActiveCfg = Debug|Any CPU
		{0DABD529-9B6A-44FE-A454-B4C2BF6E43FE}.Debug|x86.Build.0 = Debug|Any CPU
		{0DABD529-9B6A-44FE-A454-B4C2BF6E43FE}.Release|Any CPU.ActiveCfg = Release|Any CPU
		{0DABD529-9B6A-44FE-A454-B4C2BF6E43FE}.Release|Any CPU.Build.0 = Release|Any CPU
		{0DABD529-9B6A-44FE-A454-B4C2BF6E43FE}.Release|x64.ActiveCfg = Release|Any CPU
		{0DABD529-9B6A-44FE-A454-B4C2BF6E43FE}.Release|x64.Build.0 = Release|Any CPU
		{0DABD529-9B6A-44FE-A454-B4C2BF6E43FE}.Release|x86.ActiveCfg = Release|Any CPU
		{0DABD529-9B6A-44FE-A454-B4C2BF6E43FE}.Release|x86.Build.0 = Release|Any CPU
		{3DA7BA08-3B23-43D8-9E9A-CB1BAB3C6BFA}.Debug|Any CPU.ActiveCfg = Debug|Any CPU
		{3DA7BA08-3B23-43D8-9E9A-CB1BAB3C6BFA}.Debug|Any CPU.Build.0 = Debug|Any CPU
		{3DA7BA08-3B23-43D8-9E9A-CB1BAB3C6BFA}.Debug|x64.ActiveCfg = Debug|Any CPU
		{3DA7BA08-3B23-43D8-9E9A-CB1BAB3C6BFA}.Debug|x64.Build.0 = Debug|Any CPU
		{3DA7BA08-3B23-43D8-9E9A-CB1BAB3C6BFA}.Debug|x86.ActiveCfg = Debug|Any CPU
		{3DA7BA08-3B23-43D8-9E9A-CB1BAB3C6BFA}.Debug|x86.Build.0 = Debug|Any CPU
		{3DA7BA08-3B23-43D8-9E9A-CB1BAB3C6BFA}.Release|Any CPU.ActiveCfg = Release|Any CPU
		{3DA7BA08-3B23-43D8-9E9A-CB1BAB3C6BFA}.Release|Any CPU.Build.0 = Release|Any CPU
		{3DA7BA08-3B23-43D8-9E9A-CB1BAB3C6BFA}.Release|x64.ActiveCfg = Release|Any CPU
		{3DA7BA08-3B23-43D8-9E9A-CB1BAB3C6BFA}.Release|x64.Build.0 = Release|Any CPU
		{3DA7BA08-3B23-43D8-9E9A-CB1BAB3C6BFA}.Release|x86.ActiveCfg = Release|Any CPU
		{3DA7BA08-3B23-43D8-9E9A-CB1BAB3C6BFA}.Release|x86.Build.0 = Release|Any CPU
		{D5A3FE29-542D-4345-8AAA-C011A95F6A5E}.Debug|Any CPU.ActiveCfg = Debug|Any CPU
		{D5A3FE29-542D-4345-8AAA-C011A95F6A5E}.Debug|Any CPU.Build.0 = Debug|Any CPU
		{D5A3FE29-542D-4345-8AAA-C011A95F6A5E}.Debug|x64.ActiveCfg = Debug|Any CPU
		{D5A3FE29-542D-4345-8AAA-C011A95F6A5E}.Debug|x64.Build.0 = Debug|Any CPU
		{D5A3FE29-542D-4345-8AAA-C011A95F6A5E}.Debug|x86.ActiveCfg = Debug|Any CPU
		{D5A3FE29-542D-4345-8AAA-C011A95F6A5E}.Debug|x86.Build.0 = Debug|Any CPU
		{D5A3FE29-542D-4345-8AAA-C011A95F6A5E}.Release|Any CPU.ActiveCfg = Release|Any CPU
		{D5A3FE29-542D-4345-8AAA-C011A95F6A5E}.Release|Any CPU.Build.0 = Release|Any CPU
		{D5A3FE29-542D-4345-8AAA-C011A95F6A5E}.Release|x64.ActiveCfg = Release|Any CPU
		{D5A3FE29-542D-4345-8AAA-C011A95F6A5E}.Release|x64.Build.0 = Release|Any CPU
		{D5A3FE29-542D-4345-8AAA-C011A95F6A5E}.Release|x86.ActiveCfg = Release|Any CPU
		{D5A3FE29-542D-4345-8AAA-C011A95F6A5E}.Release|x86.Build.0 = Release|Any CPU
	EndGlobalSection
	GlobalSection(SolutionProperties) = preSolution
		HideSolutionNode = FALSE
	EndGlobalSection
	GlobalSection(NestedProjects) = preSolution
		{CBA7F5F3-9D50-48BC-99F3-FE125BE68EF0} = {827E0CD3-B72D-47B6-A68D-7590B98EB39B}
		{A8CD390F-638D-4291-98E7-72927CCE597D} = {827E0CD3-B72D-47B6-A68D-7590B98EB39B}
		{A06A7C1A-BA48-4A82-90AA-9252D0E2A2D4} = {827E0CD3-B72D-47B6-A68D-7590B98EB39B}
		{79806D53-0FEE-4C6A-8B6C-E7174EE32D33} = {827E0CD3-B72D-47B6-A68D-7590B98EB39B}
		{10A88F82-8956-46C1-A17B-A2480EAA4846} = {827E0CD3-B72D-47B6-A68D-7590B98EB39B}
		{0DABD529-9B6A-44FE-A454-B4C2BF6E43FE} = {827E0CD3-B72D-47B6-A68D-7590B98EB39B}
		{3DA7BA08-3B23-43D8-9E9A-CB1BAB3C6BFA} = {827E0CD3-B72D-47B6-A68D-7590B98EB39B}
		{D5A3FE29-542D-4345-8AAA-C011A95F6A5E} = {827E0CD3-B72D-47B6-A68D-7590B98EB39B}
	EndGlobalSection
EndGlobal
